
Microsoft Visual Studio Solution File, Format Version 12.00
# Visual Studio Version 17
VisualStudioVersion = 17.0.31903.59
MinimumVisualStudioVersion = 10.0.40219.1
Project("{FAE04EC0-301F-11D3-BF4B-00C04F79EFBC}") = "Biblioteca.Core", "Biblioteca.Core\Biblioteca.Core.csproj", "{0F288B66-0ADD-4BE8-9039-D3E3E217807B}"
EndProject
Project("{FAE04EC0-301F-11D3-BF4B-00C04F79EFBC}") = "Biblioteca.Web", "Biblioteca.Web\Biblioteca.Web.csproj", "{90A0A150-D6DF-4407-B177-03F6B1C8EE09}"
EndProject
Project("{FAE04EC0-301F-11D3-BF4B-00C04F79EFBC}") = "Biblioteca.Desktop", "Biblioteca.Desktop\Biblioteca.Desktop.csproj", "{6713F3B8-0C6F-493C-8733-DFB01189D471}"
EndProject
Global
	GlobalSection(SolutionConfigurationPlatforms) = preSolution
		Debug|Any CPU = Debug|Any CPU
		Release|Any CPU = Release|Any CPU
	EndGlobalSection
	GlobalSection(SolutionProperties) = preSolution
		HideSolutionNode = FALSE
	EndGlobalSection
	GlobalSection(ProjectConfigurationPlatforms) = postSolution
		{0F288B66-0ADD-4BE8-9039-D3E3E217807B}.Debug|Any CPU.ActiveCfg = Debug|Any CPU
		{0F288B66-0ADD-4BE8-9039-D3E3E217807B}.Debug|Any CPU.Build.0 = Debug|Any CPU
		{0F288B66-0ADD-4BE8-9039-D3E3E217807B}.Release|Any CPU.ActiveCfg = Release|Any CPU
		{0F288B66-0ADD-4BE8-9039-D3E3E217807B}.Release|Any CPU.Build.0 = Release|Any CPU
		{90A0A150-D6DF-4407-B177-03F6B1C8EE09}.Debug|Any CPU.ActiveCfg = Debug|Any CPU
		{90A0A150-D6DF-4407-B177-03F6B1C8EE09}.Debug|Any CPU.Build.0 = Debug|Any CPU
		{90A0A150-D6DF-4407-B177-03F6B1C8EE09}.Release|Any CPU.ActiveCfg = Release|Any CPU
		{90A0A150-D6DF-4407-B177-03F6B1C8EE09}.Release|Any CPU.Build.0 = Release|Any CPU
		{6713F3B8-0C6F-493C-8733-DFB01189D471}.Debug|Any CPU.ActiveCfg = Debug|Any CPU
		{6713F3B8-0C6F-493C-8733-DFB01189D471}.Debug|Any CPU.Build.0 = Debug|Any CPU
		{6713F3B8-0C6F-493C-8733-DFB01189D471}.Release|Any CPU.ActiveCfg = Release|Any CPU
		{6713F3B8-0C6F-493C-8733-DFB01189D471}.Release|Any CPU.Build.0 = Release|Any CPU
	EndGlobalSection
EndGlobal
